
Microsoft Visual Studio Solution File, Format Version 12.00
# Visual Studio 15
VisualStudioVersion = 15.0.28307.421
MinimumVisualStudioVersion = 10.0.40219.1
Project("{9A19103F-16F7-4668-BE54-9A1E7A4F7556}") = "autoPublish.Web", "autoPublish.Web\autoPublish.Web.csproj", "{97B9A8FF-F18E-40BF-BA09-87D22AAA3396}"
EndProject
Project("{FAE04EC0-301F-11D3-BF4B-00C04F79EFBC}") = "autoPublish.Console", "autoPublish.Console\autoPublish.Console.csproj", "{C3B86789-E6E9-446C-A1C3-6A53C6929BDB}"
EndProject
Project("{FAE04EC0-301F-11D3-BF4B-00C04F79EFBC}") = "autoPublish.Core", "autoPublish.Core\autoPublish.Core.csproj", "{B736C7CE-2F69-4E7A-A960-2430BA01FF01}"
EndProject
Global
	GlobalSection(SolutionConfigurationPlatforms) = preSolution
		Debug|Any CPU = Debug|Any CPU
		Release|Any CPU = Release|Any CPU
	EndGlobalSection
	GlobalSection(ProjectConfigurationPlatforms) = postSolution
		{97B9A8FF-F18E-40BF-BA09-87D22AAA3396}.Debug|Any CPU.ActiveCfg = Debug|Any CPU
		{97B9A8FF-F18E-40BF-BA09-87D22AAA3396}.Debug|Any CPU.Build.0 = Debug|Any CPU
		{97B9A8FF-F18E-40BF-BA09-87D22AAA3396}.Release|Any CPU.ActiveCfg = Release|Any CPU
		{97B9A8FF-F18E-40BF-BA09-87D22AAA3396}.Release|Any CPU.Build.0 = Release|Any CPU
		{C3B86789-E6E9-446C-A1C3-6A53C6929BDB}.Debug|Any CPU.ActiveCfg = Debug|Any CPU
		{C3B86789-E6E9-446C-A1C3-6A53C6929BDB}.Debug|Any CPU.Build.0 = Debug|Any CPU
		{C3B86789-E6E9-446C-A1C3-6A53C6929BDB}.Release|Any CPU.ActiveCfg = Release|Any CPU
		{C3B86789-E6E9-446C-A1C3-6A53C6929BDB}.Release|Any CPU.Build.0 = Release|Any CPU
		{B736C7CE-2F69-4E7A-A960-2430BA01FF01}.Debug|Any CPU.ActiveCfg = Debug|Any CPU
		{B736C7CE-2F69-4E7A-A960-2430BA01FF01}.Debug|Any CPU.Build.0 = Debug|Any CPU
		{B736C7CE-2F69-4E7A-A960-2430BA01FF01}.Release|Any CPU.ActiveCfg = Release|Any CPU
		{B736C7CE-2F69-4E7A-A960-2430BA01FF01}.Release|Any CPU.Build.0 = Release|Any CPU
	EndGlobalSection
	GlobalSection(SolutionProperties) = preSolution
		HideSolutionNode = FALSE
	EndGlobalSection
	GlobalSection(ExtensibilityGlobals) = postSolution
		SolutionGuid = {DF683EE9-49A6-439A-8DCB-B5F609EA3744}
	EndGlobalSection
EndGlobal
